
Microsoft Visual Studio Solution File, Format Version 12.00
# Visual Studio Version 16
VisualStudioVersion = 16.0.36631.11
MinimumVisualStudioVersion = 10.0.40219.1
Project("{FAE04EC0-301F-11D3-BF4B-00C04F79EFBC}") = "Star_Admission_System", "Star_Admission_System.csproj", "{DEF316C8-D187-48E9-B19B-9ED38862FAF9}"
EndProject
Global
	GlobalSection(SolutionConfigurationPlatforms) = preSolution
		Debug|Any CPU = Debug|Any CPU
		Release|Any CPU = Release|Any CPU
	EndGlobalSection
	GlobalSection(ProjectConfigurationPlatforms) = postSolution
		{DEF316C8-D187-48E9-B19B-9ED38862FAF9}.Debug|Any CPU.ActiveCfg = Debug|Any CPU
		{DEF316C8-D187-48E9-B19B-9ED38862FAF9}.Debug|Any CPU.Build.0 = Debug|Any CPU
		{DEF316C8-D187-48E9-B19B-9ED38862FAF9}.Release|Any CPU.ActiveCfg = Release|Any CPU
		{DEF316C8-D187-48E9-B19B-9ED38862FAF9}.Release|Any CPU.Build.0 = Release|Any CPU
	EndGlobalSection
	GlobalSection(SolutionProperties) = preSolution
		HideSolutionNode = FALSE
	EndGlobalSection
	GlobalSection(ExtensibilityGlobals) = postSolution
		SolutionGuid = {02728252-47B7-4BB8-ACF3-4488E0E198E9}
	EndGlobalSection
EndGlobal
